
Microsoft Visual Studio Solution File, Format Version 12.00
# Visual Studio Version 17
VisualStudioVersion = 17.5.33516.290
MinimumVisualStudioVersion = 10.0.40219.1
Project("{FAE04EC0-301F-11D3-BF4B-00C04F79EFBC}") = "DuckDNSClient", "DuckDNSClient.csproj", "{3D389404-FC97-478F-B2D7-E166BF81EDD2}"
EndProject
Global
	GlobalSection(SolutionConfigurationPlatforms) = preSolution
		Debug|Any CPU = Debug|Any CPU
		Release|Any CPU = Release|Any CPU
	EndGlobalSection
	GlobalSection(ProjectConfigurationPlatforms) = postSolution
		{3D389404-FC97-478F-B2D7-E166BF81EDD2}.Debug|Any CPU.ActiveCfg = Debug|Any CPU
		{3D389404-FC97-478F-B2D7-E166BF81EDD2}.Debug|Any CPU.Build.0 = Debug|Any CPU
		{3D389404-FC97-478F-B2D7-E166BF81EDD2}.Release|Any CPU.ActiveCfg = Release|Any CPU
		{3D389404-FC97-478F-B2D7-E166BF81EDD2}.Release|Any CPU.Build.0 = Release|Any CPU
	EndGlobalSection
	GlobalSection(SolutionProperties) = preSolution
		HideSolutionNode = FALSE
	EndGlobalSection
	GlobalSection(ExtensibilityGlobals) = postSolution
		SolutionGuid = {CDBE20DD-D828-4C4E-B3C0-2BEA41203781}
	EndGlobalSection
EndGlobal
